{
  "version": 4,
  "terraform_version": "1.9.5",
  "serial": 34,
  "lineage": "8374798c-91d2-6d85-28e6-60d361e883d0",
  "outputs": {
    "Cluster-EndPoint": {
      "value": "https://9CA236CC7D90E3B80AEA3AEB2F3615BD.gr7.us-east-1.eks.amazonaws.com",
      "type": "string"
    },
    "Cluster-Name": {
      "value": "mohamed-eks-cluster",
      "type": "string"
    },
    "Node-Group-id": {
      "value": "mohamed-eks-cluster:Workers-node-group",
      "type": "string"
    },
    "cluster_ca_certificate": {
      "value": "LS0tLS1CRUdJTiBDRVJUSUZJQ0FURS0tLS0tCk1JSURCVENDQWUyZ0F3SUJBZ0lJTVZEOU91amlmV2t3RFFZSktvWklodmNOQVFFTEJRQXdGVEVUTUJFR0ExVUUKQXhNS2EzVmlaWEp1WlhSbGN6QWVGdzB5TkRBNU1qa3lNekl6TVRkYUZ3MHpOREE1TWpjeU16STRNVGRhTUJVeApFekFSQmdOVkJBTVRDbXQxWW1WeWJtVjBaWE13Z2dFaU1BMEdDU3FHU0liM0RRRUJBUVVBQTRJQkR3QXdnZ0VLCkFvSUJBUURGVFBkSXFzQThXWHNRTnE5cXFUbmtVdWVqaDdxS3Nvd1JkWEtLRWlya0VocFJaY3cvUWZ5Z3pGQW0KdnlTOEZ6RU5tS3p3Rk1KQi9WT0FiZ2lDMlUrOGphUXlkK05COXBrdW5obFJFRFg0OWhLS0R1aGJxVkZhQWwwYwpFNElON3NsaldTQUdGbWhBeGc2VUh0RjJBOUphbGpWUGt4T3ZJMzhCUGpBaEc2NWhoMS9RRlQ0aUxiTXREbFBHClJnV0UrM0hkNTVxTmg0N0l5Q29oL2ZxaUJxWGpRK0VHZXZNT1YrNWZMWGpuTU9KdjFqdERBemhPU2xuM2JUM2IKSXdaUmRDRk51VG1yV3BPME9JeWpTUkI2L0NQUzZRVDJLYi9uMEI1c1dsdkJZcEkwSHV5cllPUEkwbVFuYVR3cQozWmFPNS93ZXR4L2FGTTEzNWwvMWhjaXluZ1k5QWdNQkFBR2pXVEJYTUE0R0ExVWREd0VCL3dRRUF3SUNwREFQCkJnTlZIUk1CQWY4RUJUQURBUUgvTUIwR0ExVWREZ1FXQkJUWVRENWpCYlA5S2c2ZXE1OE5IQ0Z2UDdNd3lqQVYKQmdOVkhSRUVEakFNZ2dwcmRXSmxjbTVsZEdWek1BMEdDU3FHU0liM0RRRUJDd1VBQTRJQkFRQU1STGVYblRheQoza0pHUy9VNDByV2hsZW9BQllOOFhhdUh1ckhiaHhEUjBrWElTZlVCbjF2K0p5Z3oxZmpmR0Z5UVUrT09peVBLCmpVNlF1SkFtNWdVNENWcmZXdENEMVZUdEJHb3hZZ1cyMFpsRzNibWJBVFlPZGNTbnM1Y01oZ2hYOURyZEJ4eXQKaTJ5ZlJrNmJpZzNVZmxuM3A3QW01RWlSUEZMb2tMazJ4aDhpOFpjc0hFTmp4ZVhRdEVjYjgrNmFlckdiK3B4dQp0NjlHV01JeWI4NFBKaSs4RWFSZWZ4TDBhOEZyR0hQNzRVOGhTV05iWklUU0JPS0sva0NGUkRvL1pXak9qclBYCkF6UGtGOEhrQSs3UUpLRXVvT1d0QllMS0FXcGNtS3A3RUEvUlhrR0V6L3Q0SXFHTXZjVkw0bVRhUlEyelAydjYKUzVOTVNadWRraHVlCi0tLS0tRU5EIENFUlRJRklDQVRFLS0tLS0K",
      "type": "string"
    }
  },
  "resources": [
    {
      "mode": "managed",
      "type": "aws_eks_cluster",
      "name": "mohamed-eks-cluster",
      "provider": "provider[\"registry.terraform.io/hashicorp/aws\"]",
      "instances": [
        {
          "schema_version": 1,
          "attributes": {
            "access_config": [
              {
                "authentication_mode": "CONFIG_MAP",
                "bootstrap_cluster_creator_admin_permissions": true
              }
            ],
            "arn": "arn:aws:eks:us-east-1:354331349052:cluster/mohamed-eks-cluster",
            "bootstrap_self_managed_addons": true,
            "certificate_authority": [
              {
                "data": "LS0tLS1CRUdJTiBDRVJUSUZJQ0FURS0tLS0tCk1JSURCVENDQWUyZ0F3SUJBZ0lJTVZEOU91amlmV2t3RFFZSktvWklodmNOQVFFTEJRQXdGVEVUTUJFR0ExVUUKQXhNS2EzVmlaWEp1WlhSbGN6QWVGdzB5TkRBNU1qa3lNekl6TVRkYUZ3MHpOREE1TWpjeU16STRNVGRhTUJVeApFekFSQmdOVkJBTVRDbXQxWW1WeWJtVjBaWE13Z2dFaU1BMEdDU3FHU0liM0RRRUJBUVVBQTRJQkR3QXdnZ0VLCkFvSUJBUURGVFBkSXFzQThXWHNRTnE5cXFUbmtVdWVqaDdxS3Nvd1JkWEtLRWlya0VocFJaY3cvUWZ5Z3pGQW0KdnlTOEZ6RU5tS3p3Rk1KQi9WT0FiZ2lDMlUrOGphUXlkK05COXBrdW5obFJFRFg0OWhLS0R1aGJxVkZhQWwwYwpFNElON3NsaldTQUdGbWhBeGc2VUh0RjJBOUphbGpWUGt4T3ZJMzhCUGpBaEc2NWhoMS9RRlQ0aUxiTXREbFBHClJnV0UrM0hkNTVxTmg0N0l5Q29oL2ZxaUJxWGpRK0VHZXZNT1YrNWZMWGpuTU9KdjFqdERBemhPU2xuM2JUM2IKSXdaUmRDRk51VG1yV3BPME9JeWpTUkI2L0NQUzZRVDJLYi9uMEI1c1dsdkJZcEkwSHV5cllPUEkwbVFuYVR3cQozWmFPNS93ZXR4L2FGTTEzNWwvMWhjaXluZ1k5QWdNQkFBR2pXVEJYTUE0R0ExVWREd0VCL3dRRUF3SUNwREFQCkJnTlZIUk1CQWY4RUJUQURBUUgvTUIwR0ExVWREZ1FXQkJUWVRENWpCYlA5S2c2ZXE1OE5IQ0Z2UDdNd3lqQVYKQmdOVkhSRUVEakFNZ2dwcmRXSmxjbTVsZEdWek1BMEdDU3FHU0liM0RRRUJDd1VBQTRJQkFRQU1STGVYblRheQoza0pHUy9VNDByV2hsZW9BQllOOFhhdUh1ckhiaHhEUjBrWElTZlVCbjF2K0p5Z3oxZmpmR0Z5UVUrT09peVBLCmpVNlF1SkFtNWdVNENWcmZXdENEMVZUdEJHb3hZZ1cyMFpsRzNibWJBVFlPZGNTbnM1Y01oZ2hYOURyZEJ4eXQKaTJ5ZlJrNmJpZzNVZmxuM3A3QW01RWlSUEZMb2tMazJ4aDhpOFpjc0hFTmp4ZVhRdEVjYjgrNmFlckdiK3B4dQp0NjlHV01JeWI4NFBKaSs4RWFSZWZ4TDBhOEZyR0hQNzRVOGhTV05iWklUU0JPS0sva0NGUkRvL1pXak9qclBYCkF6UGtGOEhrQSs3UUpLRXVvT1d0QllMS0FXcGNtS3A3RUEvUlhrR0V6L3Q0SXFHTXZjVkw0bVRhUlEyelAydjYKUzVOTVNadWRraHVlCi0tLS0tRU5EIENFUlRJRklDQVRFLS0tLS0K"
              }
            ],
            "cluster_id": null,
            "created_at": "2024-09-29T23:23:43Z",
            "enabled_cluster_log_types": null,
            "encryption_config": [],
            "endpoint": "https://9CA236CC7D90E3B80AEA3AEB2F3615BD.gr7.us-east-1.eks.amazonaws.com",
            "id": "mohamed-eks-cluster",
            "identity": [
              {
                "oidc": [
                  {
                    "issuer": "https://oidc.eks.us-east-1.amazonaws.com/id/9CA236CC7D90E3B80AEA3AEB2F3615BD"
                  }
                ]
              }
            ],
            "kubernetes_network_config": [
              {
                "ip_family": "ipv4",
                "service_ipv4_cidr": "172.20.0.0/16",
                "service_ipv6_cidr": ""
              }
            ],
            "name": "mohamed-eks-cluster",
            "outpost_config": [],
            "platform_version": "eks.8",
            "role_arn": "arn:aws:iam::354331349052:role/Cluster-Manager",
            "status": "ACTIVE",
            "tags": null,
            "tags_all": {},
            "timeouts": null,
            "upgrade_policy": [
              {
                "support_type": "EXTENDED"
              }
            ],
            "version": "1.30",
            "vpc_config": [
              {
                "cluster_security_group_id": "sg-0ca5e15cedfdba96d",
                "endpoint_private_access": false,
                "endpoint_public_access": true,
                "public_access_cidrs": [
                  "0.0.0.0/0"
                ],
                "security_group_ids": null,
                "subnet_ids": [
                  "subnet-09f42d89ab1d6b5e2",
                  "subnet-0c1c1c9b38aa2896d"
                ],
                "vpc_id": "vpc-0c24d3698176ac285"
              }
            ]
          },
          "sensitive_attributes": [],
          "private": "eyJlMmJmYjczMC1lY2FhLTExZTYtOGY4OC0zNDM2M2JjN2M0YzAiOnsiY3JlYXRlIjoxODAwMDAwMDAwMDAwLCJkZWxldGUiOjkwMDAwMDAwMDAwMCwidXBkYXRlIjozNjAwMDAwMDAwMDAwfSwic2NoZW1hX3ZlcnNpb24iOiIxIn0=",
          "dependencies": [
            "aws_iam_role.Cluster-Manager",
            "aws_iam_role_policy_attachment.AmazonEKSClusterPolicy"
          ]
        }
      ]
    },
    {
      "mode": "managed",
      "type": "aws_eks_node_group",
      "name": "Workers",
      "provider": "provider[\"registry.terraform.io/hashicorp/aws\"]",
      "instances": [
        {
          "schema_version": 0,
          "attributes": {
            "ami_type": "AL2_x86_64",
            "arn": "arn:aws:eks:us-east-1:354331349052:nodegroup/mohamed-eks-cluster/Workers-node-group/f0c92010-562c-b732-5e20-85b25e1adcbd",
            "capacity_type": "ON_DEMAND",
            "cluster_name": "mohamed-eks-cluster",
            "disk_size": 20,
            "force_update_version": null,
            "id": "mohamed-eks-cluster:Workers-node-group",
            "instance_types": [
              "t2.large"
            ],
            "labels": null,
            "launch_template": [],
            "node_group_name": "Workers-node-group",
            "node_group_name_prefix": "",
            "node_role_arn": "arn:aws:iam::354331349052:role/Worker",
            "release_version": "1.30.4-20240924",
            "remote_access": [
              {
                "ec2_ssh_key": "sprintproject",
                "source_security_group_ids": [
                  "sg-06221d25e60a0ebdb"
                ]
              }
            ],
            "resources": [
              {
                "autoscaling_groups": [
                  {
                    "name": "eks-Workers-node-group-f0c92010-562c-b732-5e20-85b25e1adcbd"
                  }
                ],
                "remote_access_security_group_id": "sg-06b8cdd3f50f081dc"
              }
            ],
            "scaling_config": [
              {
                "desired_size": 2,
                "max_size": 2,
                "min_size": 1
              }
            ],
            "status": "ACTIVE",
            "subnet_ids": [
              "subnet-09f42d89ab1d6b5e2"
            ],
            "tags": null,
            "tags_all": {},
            "taint": [],
            "timeouts": null,
            "update_config": [
              {
                "max_unavailable": 1,
                "max_unavailable_percentage": 0
              }
            ],
            "version": "1.30"
          },
          "sensitive_attributes": [],
          "private": "eyJlMmJmYjczMC1lY2FhLTExZTYtOGY4OC0zNDM2M2JjN2M0YzAiOnsiY3JlYXRlIjozNjAwMDAwMDAwMDAwLCJkZWxldGUiOjM2MDAwMDAwMDAwMDAsInVwZGF0ZSI6MzYwMDAwMDAwMDAwMH19",
          "dependencies": [
            "aws_eks_cluster.mohamed-eks-cluster",
            "aws_iam_role.Cluster-Manager",
            "aws_iam_role.worker",
            "aws_iam_role_policy_attachment.AmazonEC2ContainerRegistryReadOnly",
            "aws_iam_role_policy_attachment.AmazonEKSClusterPolicy",
            "aws_iam_role_policy_attachment.AmazonEKSWorkerNodePolicy",
            "aws_iam_role_policy_attachment.AmazonEKS_CNI_Policy"
          ]
        }
      ]
    },
    {
      "mode": "managed",
      "type": "aws_iam_role",
      "name": "Cluster-Manager",
      "provider": "provider[\"registry.terraform.io/hashicorp/aws\"]",
      "instances": [
        {
          "schema_version": 0,
          "attributes": {
            "arn": "arn:aws:iam::354331349052:role/Cluster-Manager",
            "assume_role_policy": "{\"Statement\":[{\"Action\":\"sts:AssumeRole\",\"Effect\":\"Allow\",\"Principal\":{\"Service\":\"eks.amazonaws.com\"}}],\"Version\":\"2012-10-17\"}",
            "create_date": "2024-09-29T23:23:39Z",
            "description": "",
            "force_detach_policies": false,
            "id": "Cluster-Manager",
            "inline_policy": [],
            "managed_policy_arns": [],
            "max_session_duration": 3600,
            "name": "Cluster-Manager",
            "name_prefix": "",
            "path": "/",
            "permissions_boundary": "",
            "tags": null,
            "tags_all": {},
            "unique_id": "AROAVE76LKA6JIQTS76FX"
          },
          "sensitive_attributes": [],
          "private": "bnVsbA=="
        }
      ]
    },
    {
      "mode": "managed",
      "type": "aws_iam_role",
      "name": "worker",
      "provider": "provider[\"registry.terraform.io/hashicorp/aws\"]",
      "instances": [
        {
          "schema_version": 0,
          "attributes": {
            "arn": "arn:aws:iam::354331349052:role/Worker",
            "assume_role_policy": "{\"Statement\":[{\"Action\":\"sts:AssumeRole\",\"Effect\":\"Allow\",\"Principal\":{\"Service\":\"ec2.amazonaws.com\"}}],\"Version\":\"2012-10-17\"}",
            "create_date": "2024-09-29T23:23:39Z",
            "description": "",
            "force_detach_policies": false,
            "id": "Worker",
            "inline_policy": [],
            "managed_policy_arns": [],
            "max_session_duration": 3600,
            "name": "Worker",
            "name_prefix": "",
            "path": "/",
            "permissions_boundary": "",
            "tags": null,
            "tags_all": {},
            "unique_id": "AROAVE76LKA6OXNOQFDHV"
          },
          "sensitive_attributes": [],
          "private": "bnVsbA=="
        }
      ]
    },
    {
      "mode": "managed",
      "type": "aws_iam_role_policy_attachment",
      "name": "AmazonEC2ContainerRegistryReadOnly",
      "provider": "provider[\"registry.terraform.io/hashicorp/aws\"]",
      "instances": [
        {
          "schema_version": 0,
          "attributes": {
            "id": "Worker-20240929232343766900000002",
            "policy_arn": "arn:aws:iam::aws:policy/AmazonEC2ContainerRegistryReadOnly",
            "role": "Worker"
          },
          "sensitive_attributes": [],
          "private": "bnVsbA==",
          "dependencies": [
            "aws_iam_role.worker"
          ]
        }
      ]
    },
    {
      "mode": "managed",
      "type": "aws_iam_role_policy_attachment",
      "name": "AmazonEC2ReadOnlyAccess",
      "provider": "provider[\"registry.terraform.io/hashicorp/aws\"]",
      "instances": [
        {
          "schema_version": 0,
          "attributes": {
            "id": "Worker-20240929232344324600000007",
            "policy_arn": "arn:aws:iam::aws:policy/AmazonEC2ReadOnlyAccess",
            "role": "Worker"
          },
          "sensitive_attributes": [],
          "private": "bnVsbA==",
          "dependencies": [
            "aws_iam_role.worker"
          ]
        }
      ]
    },
    {
      "mode": "managed",
      "type": "aws_iam_role_policy_attachment",
      "name": "AmazonEKSClusterPolicy",
      "provider": "provider[\"registry.terraform.io/hashicorp/aws\"]",
      "instances": [
        {
          "schema_version": 0,
          "attributes": {
            "id": "Cluster-Manager-20240929232343752600000001",
            "policy_arn": "arn:aws:iam::aws:policy/AmazonEKSClusterPolicy",
            "role": "Cluster-Manager"
          },
          "sensitive_attributes": [],
          "private": "bnVsbA==",
          "dependencies": [
            "aws_iam_role.Cluster-Manager"
          ]
        }
      ]
    },
    {
      "mode": "managed",
      "type": "aws_iam_role_policy_attachment",
      "name": "AmazonEKSWorkerNodePolicy",
      "provider": "provider[\"registry.terraform.io/hashicorp/aws\"]",
      "instances": [
        {
          "schema_version": 0,
          "attributes": {
            "id": "Worker-20240929232344276500000006",
            "policy_arn": "arn:aws:iam::aws:policy/AmazonEKSWorkerNodePolicy",
            "role": "Worker"
          },
          "sensitive_attributes": [],
          "private": "bnVsbA==",
          "dependencies": [
            "aws_iam_role.worker"
          ]
        }
      ]
    },
    {
      "mode": "managed",
      "type": "aws_iam_role_policy_attachment",
      "name": "AmazonEKS_CNI_Policy",
      "provider": "provider[\"registry.terraform.io/hashicorp/aws\"]",
      "instances": [
        {
          "schema_version": 0,
          "attributes": {
            "id": "Worker-20240929232344031600000004",
            "policy_arn": "arn:aws:iam::aws:policy/AmazonEKS_CNI_Policy",
            "role": "Worker"
          },
          "sensitive_attributes": [],
          "private": "bnVsbA==",
          "dependencies": [
            "aws_iam_role.worker"
          ]
        }
      ]
    },
    {
      "mode": "managed",
      "type": "aws_iam_role_policy_attachment",
      "name": "CloudWatchAgentServerPolicy",
      "provider": "provider[\"registry.terraform.io/hashicorp/aws\"]",
      "instances": [
        {
          "schema_version": 0,
          "attributes": {
            "id": "Worker-20240929232344256900000005",
            "policy_arn": "arn:aws:iam::aws:policy/CloudWatchAgentServerPolicy",
            "role": "Worker"
          },
          "sensitive_attributes": [],
          "private": "bnVsbA==",
          "dependencies": [
            "aws_iam_role.worker"
          ]
        }
      ]
    },
    {
      "mode": "managed",
      "type": "aws_iam_role_policy_attachment",
      "name": "CloudWatchFullAccess",
      "provider": "provider[\"registry.terraform.io/hashicorp/aws\"]",
      "instances": [
        {
          "schema_version": 0,
          "attributes": {
            "id": "Worker-20240929232343982800000003",
            "policy_arn": "arn:aws:iam::aws:policy/CloudWatchFullAccess",
            "role": "Worker"
          },
          "sensitive_attributes": [],
          "private": "bnVsbA==",
          "dependencies": [
            "aws_iam_role.worker"
          ]
        }
      ]
    }
  ],
  "check_results": null
}
